# This file is automatically @generated by Poetry 2.2.0 and should not be changed by hand.

[[package]]
name = "asgiref"
version = "3.11.1"
description = "ASGI specs, helper code, and adapters"
optional = false
python-versions = ">=3.9"
groups = ["main"]
files = [
    {file = "asgiref-3.11.1-py3-none-any.whl", hash = "sha256:e8667a091e69529631969fd45dc268fa79b99c92c5fcdda727757e52146ec133"},
    {file = "asgiref-3.11.1.tar.gz", hash = "sha256:5f184dc43b7e763efe848065441eac62229c9f7b0475f41f80e207a114eda4ce"},
]

[package.extras]
tests = ["mypy (>=1.14.0)", "pytest", "pytest-asyncio"]

[[package]]
name = "colorama"
version = "0.4.6"
description = "Cross-platform colored terminal text."
optional = false
python-versions = "!=3.0.*,!=3.1.*,!=3.2.*,!=3.3.*,!=3.4.*,!=3.5.*,!=3.6.*,>=2.7"
groups = ["dev"]
markers = "sys_platform == \"win32\""
files = [
    {file = "colorama-0.4.6-py2.py3-none-any.whl", hash = "sha256:4f1d9991f5acc0ca119f9d443620b77f9d6b33703e51011c16baf57afb285fc6"},
    {file = "colorama-0.4.6.tar.gz", hash = "sha256:08695f5cb7ed6e0531a20572697297273c47b8cae5a63ffc6d6ed5c201be6e44"},
]

[[package]]
name = "django"
version = "6.0.2"
description = "A high-level Python web framework that encourages rapid development and clean, pragmatic design."
optional = false
python-versions = ">=3.12"
groups = ["main"]
files = [
    {file = "django-6.0.2-py3-none-any.whl", hash = "sha256:610dd3b13d15ec3f1e1d257caedd751db8033c5ad8ea0e2d1219a8acf446ecc6"},
    {file = "django-6.0.2.tar.gz", hash = "sha256:3046a53b0e40d4b676c3b774c73411d7184ae2745fe8ce5e45c0f33d3ddb71a7"},
]

[package.dependencies]
asgiref = ">=3.9.1"
sqlparse = ">=0.5.0"
tzdata = {version = "*", markers = "sys_platform == \"win32\""}

[package.extras]
argon2 = ["argon2-cffi (>=23.1.0)"]
bcrypt = ["bcrypt (>=4.1.1)"]

[[package]]
name = "gunicorn"
version = "23.0.0"
description = "WSGI HTTP Server for UNIX"
optional = false
python-versions = ">=3.7"
groups = ["main"]
files = [
    {file = "gunicorn-23.0.0-py3-none-any.whl", hash = "sha256:ec400d38950de4dfd418cff8328b2c8faed0edb0d517d3394e457c317908ca4d"},
    {file = "gunicorn-23.0.0.tar.gz", hash = "sha256:f014447a0101dc57e294f6c18ca6b40227a4c90e9bdb586042628030cba004ec"},
]

[package.dependencies]
packaging = "*"

[package.extras]
eventlet = ["eventlet (>=0.24.1,!=0.36.0)"]
gevent = ["gevent (>=1.4.0)"]
setproctitle = ["setproctitle"]
testing = ["coverage", "eventlet", "gevent", "pytest", "pytest-cov"]
tornado = ["tornado (>=0.2)"]

[[package]]
name = "iniconfig"
version = "2.3.0"
description = "brain-dead simple config-ini parsing"
optional = false
python-versions = ">=3.10"
groups = ["dev"]
files = [
    {file = "iniconfig-2.3.0-py3-none-any.whl", hash = "sha256:f631c04d2c48c52b84d0d0549c99ff3859c98df65b3101406327ecc7d53fbf12"},
    {file = "iniconfig-2.3.0.tar.gz", hash = "sha256:c76315c77db068650d49c5b56314774a7804df16fee4402c1f19d6d15d8c4730"},
]

[[package]]
name = "packaging"
version = "26.0"
description = "Core utilities for Python packages"
optional = false
python-versions = ">=3.8"
groups = ["main", "dev"]
files = [
    {file = "packaging-26.0-py3-none-any.whl", hash = "sha256:b36f1fef9334a5588b4166f8bcd26a14e521f2b55e6b9de3aaa80d3ff7a37529"},
    {file = "packaging-26.0.tar.gz", hash = "sha256:00243ae351a257117b6a241061796684b084ed1c516a08c48a3f7e147a9d80b4"},
]

[[package]]
name = "pluggy"
version = "1.6.0"
description = "plugin and hook calling mechanisms for python"
optional = false
python-versions = ">=3.9"
groups = ["dev"]
files = [
    {file = "pluggy-1.6.0-py3-none-any.whl", hash = "sha256:e920276dd6813095e9377c0bc5566d94c932c33b27a3e3945d8389c374dd4746"},
    {file = "pluggy-1.6.0.tar.gz", hash = "sha256:7dcc130b76258d33b90f61b658791dede3486c3e6bfb003ee5c9bfb396dd22f3"},
]

[package.extras]
dev = ["pre-commit", "tox"]
testing = ["coverage", "pytest", "pytest-benchmark"]

[[package]]
name = "psycopg"
version = "3.2.4"
description = "PostgreSQL database adapter for Python"
optional = false
python-versions = ">=3.8"
groups = ["main"]
files = [
    {file = "psycopg-3.2.4-py3-none-any.whl", hash = "sha256:43665368ccd48180744cab26b74332f46b63b7e06e8ce0775547a3533883d381"},
    {file = "psycopg-3.2.4.tar.gz", hash = "sha256:f26f1346d6bf1ef5f5ef1714dd405c67fb365cfd1c6cea07de1792747b167b92"},
]

[package.dependencies]
psycopg-binary = {version = "3.2.4", optional = true, markers = "implementation_name != \"pypy\" and extra == \"binary\""}
typing-extensions = {version = ">=4.6", markers = "python_version < \"3.13\""}
tzdata = {version = "*", markers = "sys_platform == \"win32\""}

[package.extras]
binary = ["psycopg-binary (==3.2.4) ; implementation_name != \"pypy\""]
c = ["psycopg-c (==3.2.4) ; implementation_name != \"pypy\""]
dev = ["ast-comments (>=1.1.2)", "black (>=24.1.0)", "codespell (>=2.2)", "dnspython (>=2.1)", "flake8 (>=4.0)", "mypy (>=1.14)", "pre-commit (>=4.0.1)", "types-setuptools (>=57.4)", "wheel (>=0.37)"]
docs = ["Sphinx (>=5.0)", "furo (==2022.6.21)", "sphinx-autobuild (>=2021.3.14)", "sphinx-autodoc-typehints (>=1.12)"]
pool = ["psycopg-pool"]
test = ["anyio (>=4.0)", "mypy (>=1.14)", "pproxy (>=2.7)", "pytest (>=6.2.5)", "pytest-cov (>=3.0)", "pytest-randomly (>=3.5)"]

[[package]]
name = "psycopg-binary"
version = "3.2.4"
description = "PostgreSQL database adapter for Python -- C optimisation distribution"
optional = false
python-versions = ">=3.8"
groups = ["main"]
markers = "implementation_name != \"pypy\""
files = [
    {file = "psycopg_binary-3.2.4-cp310-cp310-macosx_10_9_x86_64.whl", hash = "sha256:c716f75b5c0388fc5283b5124046292c727511dd8c6aa59ca2dc644b9a2ed0cd"},
    {file = "psycopg_binary-3.2.4-cp310-cp310-macosx_11_0_arm64.whl", hash = "sha256:e2e8050347018f596a63f5dccbb92fb68bca52b13912cb8fc40184b24c0e534f"},
    {file = "psycopg_binary-3.2.4-cp310-cp310-manylinux_2_17_aarch64.manylinux2014_aarch64.whl", hash = "sha256:04171f9af9ab567c0fd339bac06f2c75836db839cebac5bd07824778dafa7f0e"},
    {file = "psycopg_binary-3.2.4-cp310-cp310-manylinux_2_17_i686.manylinux2014_i686.whl", hash = "sha256:e7ba7b2ff25a6405826f627fb7d0f1e06e5c08ae25ffabc74a5e9ec7b0a63b85"},
    {file = "psycopg_binary-3.2.4-cp310-cp310-manylinux_2_17_ppc64le.manylinux2014_ppc64le.whl", hash = "sha256:2e58eeba520d405b2ad72dffaafd04d0b592bef870e718bf37c261e89a75450a"},
    {file = "psycopg_binary-3.2.4-cp310-cp310-manylinux_2_17_x86_64.manylinux2014_x86_64.whl", hash = "sha256:cb18cfbb1cfc8172786ceefd314f0faa05c40ea93b3db7194d0f6bbbbfedb42a"},
    {file = "psycopg_binary-3.2.4-cp310-cp310-musllinux_1_2_aarch64.whl", hash = "sha256:769804b4f753ddec9403183a6d4577d5b696fc49c2451421013fb06d6fa2f288"},
    {file = "psycopg_binary-3.2.4-cp310-cp310-musllinux_1_2_i686.whl", hash = "sha256:7d4f0c9b01eb933ce35bb32a54205f48d7bc36bf455565afe269cabcb7973955"},
    {file = "psycopg_binary-3.2.4-cp310-cp310-musllinux_1_2_ppc64le.whl", hash = "sha256:26aed7ff8691ba810de95718d3bc81a43fd48a4036c3641ef711eb5f71fc7106"},
    {file = "psycopg_binary-3.2.4-cp310-cp310-musllinux_1_2_x86_64.whl", hash = "sha256:8a4b65eaf44dfed0b47e6ebd392e88cd3cff62ea11652d92db6fefeb2608ed25"},
    {file = "psycopg_binary-3.2.4-cp310-cp310-win_amd64.whl", hash = "sha256:a9fa48a2dc54c4e906d7dd781031d227d1b13966deff7e5ece5b037588643190"},
    {file = "psycopg_binary-3.2.4-cp311-cp311-macosx_10_9_x86_64.whl", hash = "sha256:d092b0aa80b8c3ee0701a7252cbfb0bdb742e1f74aaf0c1a13ef22c05c9266ab"},
    {file = "psycopg_binary-3.2.4-cp311-cp311-macosx_11_0_arm64.whl", hash = "sha256:3955381dacc6d15f3838d5f25445ee99f80882876a163f8de0c01ffc54aeef4a"},
    {file = "psycopg_binary-3.2.4-cp311-cp311-manylinux_2_17_aarch64.manylinux2014_aarch64.whl", hash = "sha256:04144d1963aa3309247980f1a742b98e15f60d68ea9745143c433f99aaeb70d7"},
    {file = "psycopg_binary-3.2.4-cp311-cp311-manylinux_2_17_i686.manylinux2014_i686.whl", hash = "sha256:eac61931bc90c1c6fdc648452894d3a434a005ffefaf12819b4709548c894bf2"},
    {file = "psycopg_binary-3.2.4-cp311-cp311-manylinux_2_17_ppc64le.manylinux2014_ppc64le.whl", hash = "sha256:c09b765960480c4586758a3c16f0ee0db6f7e2f31c88cccb5e7d7024215468cd"},
    {file = "psycopg_binary-3.2.4-cp311-cp311-manylinux_2_17_x86_64.manylinux2014_x86_64.whl", hash = "sha256:220de8efcc276e42ba7cc7ed613145b1274b6b5de321a1396fb6b6ce1758d34c"},
    {file = "psycopg_binary-3.2.4-cp311-cp311-musllinux_1_2_aarch64.whl", hash = "sha256:b558d3de315d18819ce477908e27518cbdd3275717c6193b58dde36f0443e167"},
    {file = "psycopg_binary-3.2.4-cp311-cp311-musllinux_1_2_i686.whl", hash = "sha256:e3b4c9b9a112d43533f7dbdedbb1188107d4ddcd262e2a2af41b4de0caf7d053"},
    {file = "psycopg_binary-3.2.4-cp311-cp311-musllinux_1_2_ppc64le.whl", hash = "sha256:870df866f789bb641a350897c1751c293b9420f46be4eb366d190ff5f2f2ffd8"},
    {file = "psycopg_binary-3.2.4-cp311-cp311-musllinux_1_2_x86_64.whl", hash = "sha256:89506e268fb95428fb0f8f7abe48032e66cf47390469e11a4fe989f7407a5d88"},
    {file = "psycopg_binary-3.2.4-cp311-cp311-win_amd64.whl", hash = "sha256:7ddf1494cc3bf60761c01265c44dfc7a7fd63f21308c403c14f5dd91702df84d"},
    {file = "psycopg_binary-3.2.4-cp312-cp312-macosx_10_13_x86_64.whl", hash = "sha256:3ac24b3d421127ebe8662eba2c1e149a12f0f5b6795e66c1811a3f59111456bb"},
    {file = "psycopg_binary-3.2.4-cp312-cp312-macosx_11_0_arm64.whl", hash = "sha256:f702f36204127984dd212eb57bb328676abdfe8a56f179e408a806d5e520aa11"},
    {file = "psycopg_binary-3.2.4-cp312-cp312-manylinux_2_17_aarch64.manylinux2014_aarch64.whl", hash = "sha256:610cd2013ee0849154fcff34b0cca17f720c91c7430ca094a61f1e5ff1d38e15"},
    {file = "psycopg_binary-3.2.4-cp312-cp312-manylinux_2_17_i686.manylinux2014_i686.whl", hash = "sha256:95da59edd95f6b6488799c9710fafc2d5750e3ec6328ec991f7a9be04efe6886"},
    {file = "psycopg_binary-3.2.4-cp312-cp312-manylinux_2_17_ppc64le.manylinux2014_ppc64le.whl", hash = "sha256:b71e98e3186f08473962e1ea4bfbc4387ecc398644b794cb112ad0a4276e3789"},
    {file = "psycopg_binary-3.2.4-cp312-cp312-manylinux_2_17_x86_64.manylinux2014_x86_64.whl", hash = "sha256:3ccf4f71c3a0d46bc74207bf7997f010a6586414161dd10f3dd026ec059942ef"},
    {file = "psycopg_binary-3.2.4-cp312-cp312-musllinux_1_2_aarch64.whl", hash = "sha256:244e1dd33b694792b7bc7a3d412a535ba39116218b07d8936b4591567f4121e9"},
    {file = "psycopg_binary-3.2.4-cp312-cp312-musllinux_1_2_i686.whl", hash = "sha256:f8dc8f4de5130c6278dd5e34b18ad8324a74658a7adb72d4e67ca97f9aeaaf3c"},
    {file = "psycopg_binary-3.2.4-cp312-cp312-musllinux_1_2_ppc64le.whl", hash = "sha256:c336e58a48061a9189d3ba8c19f00fe5d9570219e6f7f954b923ad5c33e5bc71"},
    {file = "psycopg_binary-3.2.4-cp312-cp312-musllinux_1_2_x86_64.whl", hash = "sha256:9633c5dc6796d11766d2475e62335b67e5f99f119f40ba1675c1d23208d7709d"},
    {file = "psycopg_binary-3.2.4-cp312-cp312-win_amd64.whl", hash = "sha256:295c25e56b430d786a475c5c2cef266b0b27c0a6fcaadf9d83a4cdcfb76f971f"},
    {file = "psycopg_binary-3.2.4-cp313-cp313-macosx_10_13_x86_64.whl", hash = "sha256:81ab801c0d35830c876bf0d1edc8e7dd2f73aa2b04fe24eb812159c0b054d149"},
    {file = "psycopg_binary-3.2.4-cp313-cp313-macosx_11_0_arm64.whl", hash = "sha256:c09e02ce1124eb6638b3381df050a8cf88aedfad4522f939945cda49050a990c"},
    {file = "psycopg_binary-3.2.4-cp313-cp313-manylinux_2_17_aarch64.manylinux2014_aarch64.whl", hash = "sha256:a249cdc6a5c2b5088a8677acba66b291e5237524739ab3d27498e1ef189312f5"},
    {file = "psycopg_binary-3.2.4-cp313-cp313-manylinux_2_17_i686.manylinux2014_i686.whl", hash = "sha256:d2960ba8a5c0ad75e184f6d8bf76bdf023708999efe75fe4e13445136c1cd206"},
    {file = "psycopg_binary-3.2.4-cp313-cp313-manylinux_2_17_ppc64le.manylinux2014_ppc64le.whl", hash = "sha256:3dae2e50b0d3425c167eebbedc3553f7c811dbc0dbfc737b6877f68a03be7daf"},
    {file = "psycopg_binary-3.2.4-cp313-cp313-manylinux_2_17_x86_64.manylinux2014_x86_64.whl", hash = "sha256:03bf7ee7e0002c2cce43ecb923ec510358056eb2e44a96afaeb0424518f35206"},
    {file = "psycopg_binary-3.2.4-cp313-cp313-musllinux_1_2_aarch64.whl", hash = "sha256:5f5c85eeb63b1a8a6b026eef57f5da36ff215ce9a6a3bb8e20a409670d6cfbda"},
    {file = "psycopg_binary-3.2.4-cp313-cp313-musllinux_1_2_i686.whl", hash = "sha256:8c7b95899d4d6d23c5cc46cb3419e8e6ca68d867509432ee1487042564a1ea55"},
    {file = "psycopg_binary-3.2.4-cp313-cp313-musllinux_1_2_ppc64le.whl", hash = "sha256:fa4acea9ca20a567c3872a5afab2084751530bb57b8fb6b52820d5c54e7c8c3b"},
    {file = "psycopg_binary-3.2.4-cp313-cp313-musllinux_1_2_x86_64.whl", hash = "sha256:5c487f35a1905bb15da927c1fc05f70f3d29f0e21fb4ba21d360a0da9c755f20"},
    {file = "psycopg_binary-3.2.4-cp313-cp313-win_amd64.whl", hash = "sha256:80297c3a9f7b5a6afdb0d8f220661ccd796e5c9128c44b32c41267f7daefd37f"},
    {file = "psycopg_binary-3.2.4-cp38-cp38-macosx_10_9_x86_64.whl", hash = "sha256:22cf23d037310ae08feceea5e24f727b1ef816867188dbec2edde2e7237b0004"},
    {file = "psycopg_binary-3.2.4-cp38-cp38-manylinux_2_17_aarch64.manylinux2014_aarch64.whl", hash = "sha256:a3409151b91df85ef99a72d137aba289e1d7b5d4ac7750b37183674421903e04"},
    {file = "psycopg_binary-3.2.4-cp38-cp38-manylinux_2_17_i686.manylinux2014_i686.whl", hash = "sha256:1145c3c038e6dbe7127309cc9bbe209bce5743f9f02a2a65c4f9478bd794598e"},
    {file = "psycopg_binary-3.2.4-cp38-cp38-manylinux_2_17_ppc64le.manylinux2014_ppc64le.whl", hash = "sha256:21d369bac7606157ef2699a0ff65c8d43d274f0178fd03241babb5f86b7586f7"},
    {file = "psycopg_binary-3.2.4-cp38-cp38-manylinux_2_17_x86_64.manylinux2014_x86_64.whl", hash = "sha256:158fa0dbda433e0069bd2b6ffdf357c9fcdb84ec5e3b353fb8206636873b54f9"},
    {file = "psycopg_binary-3.2.4-cp38-cp38-musllinux_1_2_aarch64.whl", hash = "sha256:4a56b55072a3e0629e6421a7f6fdd4eecc0eba4e9cedaaf2e7578ac62c336680"},
    {file = "psycopg_binary-3.2.4-cp38-cp38-musllinux_1_2_i686.whl", hash = "sha256:d993ecfa7f2ac30108d57e7418732d70aa399ccb4a8ca1cf415638679fb32e8b"},
    {file = "psycopg_binary-3.2.4-cp38-cp38-musllinux_1_2_ppc64le.whl", hash = "sha256:a5b68ba52bdf3ed86a8a1f1ac809ecd775ffd7bb611438d3ab9e1ee572742f95"},
    {file = "psycopg_binary-3.2.4-cp38-cp38-musllinux_1_2_x86_64.whl", hash = "sha256:90423ff7a0c1f4001b8d54e6c7866f5bbb778f3f4272a70a7926878fe7d8763c"},
    {file = "psycopg_binary-3.2.4-cp38-cp38-win_amd64.whl", hash = "sha256:5a462bdd427330418fa2a011b6494103edd94cacd4f5b00e598bcbd1c8d20fb9"},
    {file = "psycopg_binary-3.2.4-cp39-cp39-macosx_10_9_x86_64.whl", hash = "sha256:2ddec5deed4c93a1bd73f210bed6dadbabc470ac1f9ebf55fa260e48396fd61f"},
    {file = "psycopg_binary-3.2.4-cp39-cp39-macosx_11_0_arm64.whl", hash = "sha256:8bd54787d894261ff48d5c4b7f23e281c05c9a5ac67355eff7d29cfbcde640cd"},
    {file = "psycopg_binary-3.2.4-cp39-cp39-manylinux_2_17_aarch64.manylinux2014_aarch64.whl", hash = "sha256:b1ae8cf8694d01788be5f418f6cada813e2b86cef67efba9c60cb9371cee9eb9"},
    {file = "psycopg_binary-3.2.4-cp39-cp39-manylinux_2_17_i686.manylinux2014_i686.whl", hash = "sha256:0958dd3bfffbdef86594a6fa45255d4389ade94d17572bdf5207a900166a3cba"},
    {file = "psycopg_binary-3.2.4-cp39-cp39-manylinux_2_17_ppc64le.manylinux2014_ppc64le.whl", hash = "sha256:6b9558f9d101907e412ea12c355e8989c811d382d893ba6a541c091e6d916164"},
    {file = "psycopg_binary-3.2.4-cp39-cp39-manylinux_2_17_x86_64.manylinux2014_x86_64.whl", hash = "sha256:279faafe9a4cdaeeee7844c19cccb865328bd55a2bf4012fef8d7040223a5245"},
    {file = "psycopg_binary-3.2.4-cp39-cp39-musllinux_1_2_aarch64.whl", hash = "sha256:196d8426a9220d29c118eec6074034648267c176d220cb42c49b3c9c396f0dbc"},
    {file = "psycopg_binary-3.2.4-cp39-cp39-musllinux_1_2_i686.whl", hash = "sha256:166e68b1e42862b18570d636a7b615630552daeab8b129083aa094f848be64b0"},
    {file = "psycopg_binary-3.2.4-cp39-cp39-musllinux_1_2_ppc64le.whl", hash = "sha256:b84c3f51969d33266640c218ad5bb5f8487e6a991db7a95b2c3c46fbda37a77c"},
    {file = "psycopg_binary-3.2.4-cp39-cp39-musllinux_1_2_x86_64.whl", hash = "sha256:501113e4d84887c03f83c7d8886c0744fe088fd6b633b919ebf7af4f0f7186be"},
    {file = "psycopg_binary-3.2.4-cp39-cp39-win_amd64.whl", hash = "sha256:e889fe21c578c6c533c8550e1b3ba5d2cc5d151890458fa5fbfc2ca3b2324cfa"},
]

[[package]]
name = "pygments"
version = "2.19.2"
description = "Pygments is a syntax highlighting package written in Python."
optional = false
python-versions = ">=3.8"
groups = ["dev"]
files = [
    {file = "pygments-2.19.2-py3-none-any.whl", hash = "sha256:86540386c03d588bb81d44bc3928634ff26449851e99741617ecb9037ee5ec0b"},
    {file = "pygments-2.19.2.tar.gz", hash = "sha256:636cb2477cec7f8952536970bc533bc43743542f70392ae026374600add5b887"},
]

[package.extras]
windows-terminal = ["colorama (>=0.4.6)"]

[[package]]
name = "pytest"
version = "9.0.2"
description = "pytest: simple powerful testing with Python"
optional = false
python-versions = ">=3.10"
groups = ["dev"]
files = [
    {file = "pytest-9.0.2-py3-none-any.whl", hash = "sha256:711ffd45bf766d5264d487b917733b453d917afd2b0ad65223959f59089f875b"},
    {file = "pytest-9.0.2.tar.gz", hash = "sha256:75186651a92bd89611d1d9fc20f0b4345fd827c41ccd5c299a868a05d70edf11"},
]

[package.dependencies]
colorama = {version = ">=0.4", markers = "sys_platform == \"win32\""}
iniconfig = ">=1.0.1"
packaging = ">=22"
pluggy = ">=1.5,<2"
pygments = ">=2.7.2"

[package.extras]
dev = ["argcomplete", "attrs (>=19.2)", "hypothesis (>=3.56)", "mock", "requests", "setuptools", "xmlschema"]

[[package]]
name = "pytest-django"
version = "4.11.1"
description = "A Django plugin for pytest."
optional = false
python-versions = ">=3.8"
groups = ["dev"]
files = [
    {file = "pytest_django-4.11.1-py3-none-any.whl", hash = "sha256:1b63773f648aa3d8541000c26929c1ea63934be1cfa674c76436966d73fe6a10"},
    {file = "pytest_django-4.11.1.tar.gz", hash = "sha256:a949141a1ee103cb0e7a20f1451d355f83f5e4a5d07bdd4dcfdd1fd0ff227991"},
]

[package.dependencies]
pytest = ">=7.0.0"

[package.extras]
docs = ["sphinx", "sphinx_rtd_theme"]
testing = ["Django", "django-configurations (>=2.0)"]

[[package]]
name = "python-dotenv"
version = "1.2.1"
description = "Read key-value pairs from a .env file and set them as environment variables"
optional = false
python-versions = ">=3.9"
groups = ["main"]
files = [
    {file = "python_dotenv-1.2.1-py3-none-any.whl", hash = "sha256:b81ee9561e9ca4004139c6cbba3a238c32b03e4894671e181b671e8cb8425d61"},
    {file = "python_dotenv-1.2.1.tar.gz", hash = "sha256:42667e897e16ab0d66954af0e60a9caa94f0fd4ecf3aaf6d2d260eec1aa36ad6"},
]

[package.extras]
cli = ["click (>=5.0)"]

[[package]]
name = "sqlparse"
version = "0.5.5"
description = "A non-validating SQL parser."
optional = false
python-versions = ">=3.8"
groups = ["main"]
files = [
    {file = "sqlparse-0.5.5-py3-none-any.whl", hash = "sha256:12a08b3bf3eec877c519589833aed092e2444e68240a3577e8e26148acc7b1ba"},
    {file = "sqlparse-0.5.5.tar.gz", hash = "sha256:e20d4a9b0b8585fdf63b10d30066c7c94c5d7a7ec47c889a2d83a3caa93ff28e"},
]

[package.extras]
dev = ["build"]
doc = ["sphinx"]

[[package]]
name = "typing-extensions"
version = "4.15.0"
description = "Backported and Experimental Type Hints for Python 3.9+"
optional = false
python-versions = ">=3.9"
groups = ["main"]
markers = "python_version == \"3.12\""
files = [
    {file = "typing_extensions-4.15.0-py3-none-any.whl", hash = "sha256:f0fa19c6845758ab08074a0cfa8b7aecb71c999ca73d62883bc25cc018c4e548"},
    {file = "typing_extensions-4.15.0.tar.gz", hash = "sha256:0cea48d173cc12fa28ecabc3b837ea3cf6f38c6d1136f85cbaaf598984861466"},
]

[[package]]
name = "tzdata"
version = "2025.3"
description = "Provider of IANA time zone data"
optional = false
python-versions = ">=2"
groups = ["main"]
markers = "sys_platform == \"win32\""
files = [
    {file = "tzdata-2025.3-py2.py3-none-any.whl", hash = "sha256:06a47e5700f3081aab02b2e513160914ff0694bce9947d6b76ebd6bf57cfc5d1"},
    {file = "tzdata-2025.3.tar.gz", hash = "sha256:de39c2ca5dc7b0344f2eba86f49d614019d29f060fc4ebc8a417896a620b56a7"},
]

[metadata]
lock-version = "2.1"
python-versions = ">=3.12"
content-hash = "e1b89d5c011fde730383db3a1fdb927e0897f10df71f745426cfa2512c45e0c7"
